{
  "name": "clock",
  "lockfileVersion": 2,
  "requires": true,
  "packages": {
    "": {
      "dependencies": {
        "@swup/preload-plugin": "^1.0.3"
      }
    },
    "node_modules/@swup/plugin": {
      "version": "1.0.1",
      "resolved": "https://registry.npmjs.org/@swup/plugin/-/plugin-1.0.1.tgz",
      "integrity": "sha512-QrTGn1DLx+50CNsk6oGzUFnyNyLkDK6iLb032qKImmAXS+0Dd1cwa8cSGvJ+I27J4qR8y6oJNurgHIEc6ZCTrg=="
    },
    "node_modules/@swup/preload-plugin": {
      "version": "1.0.3",
      "resolved": "https://registry.npmjs.org/@swup/preload-plugin/-/preload-plugin-1.0.3.tgz",
      "integrity": "sha512-Au2v5kwwrY2WFYEmRoHa8FXMq7S/7KgO+iG2n5IOS7CZfVilIpqTIEQQ8y7TZsQuL6+Pk/57aycYywVLZ8tc3w==",
      "dependencies": {
        "@swup/plugin": "^1.0.0",
        "delegate": "^3.2.0",
        "swup": "^2.0.0"
      }
    },
    "node_modules/delegate": {
      "version": "3.2.0",
      "resolved": "https://registry.npmjs.org/delegate/-/delegate-3.2.0.tgz",
      "integrity": "sha512-IofjkYBZaZivn0V8nnsMJGBr4jVLxHDheKSW88PyxS5QC4Vo9ZbZVvhzlSxY87fVq3STR6r+4cGepyHkcWOQSw=="
    },
    "node_modules/delegate-it": {
      "version": "3.0.1",
      "resolved": "https://registry.npmjs.org/delegate-it/-/delegate-it-3.0.1.tgz",
      "integrity": "sha512-XU8H4pjDGBW74hFIbjdLPnvtU3HF3P9bbZvoFBSBLb5JgNaTkRb/2lvC1V+9kmZsxVR0kad4bU3rYhQ/4Ij+Gw==",
      "dependencies": {
        "typed-query-selector": "^2.6.1"
      }
    },
    "node_modules/opencollective-postinstall": {
      "version": "2.0.3",
      "resolved": "https://registry.npmjs.org/opencollective-postinstall/-/opencollective-postinstall-2.0.3.tgz",
      "integrity": "sha512-8AV/sCtuzUeTo8gQK5qDZzARrulB3egtLzFgteqB2tcT4Mw7B8Kt7JcDHmltjz6FOAHsvTevk70gZEbhM4ZS9Q==",
      "bin": {
        "opencollective-postinstall": "index.js"
      }
    },
    "node_modules/swup": {
      "version": "2.0.16",
      "resolved": "https://registry.npmjs.org/swup/-/swup-2.0.16.tgz",
      "integrity": "sha512-ozh3DuDDa6l7ctZcQ36DNROPo5CyTHMj7ob31kUkCrCGX8SimdqB0uK7PZnlEl4x3lmY12+eIdHji11q8SA6Aw==",
      "hasInstallScript": true,
      "dependencies": {
        "delegate-it": "^3.0.1",
        "opencollective-postinstall": "^2.0.2"
      }
    },
    "node_modules/typed-query-selector": {
      "version": "2.6.1",
      "resolved": "https://registry.npmjs.org/typed-query-selector/-/typed-query-selector-2.6.1.tgz",
      "integrity": "sha512-nzzcDrI0nncM5XTNyqeG7MrcXTx8lelUtNlTP+NvpnOfRzApyr+ZW4H/FoOaPfzmjn++Tf0ZxXpBN7Q3FN3ERw=="
    }
  },
  "dependencies": {
    "@swup/plugin": {
      "version": "1.0.1",
      "resolved": "https://registry.npmjs.org/@swup/plugin/-/plugin-1.0.1.tgz",
      "integrity": "sha512-QrTGn1DLx+50CNsk6oGzUFnyNyLkDK6iLb032qKImmAXS+0Dd1cwa8cSGvJ+I27J4qR8y6oJNurgHIEc6ZCTrg=="
    },
    "@swup/preload-plugin": {
      "version": "1.0.3",
      "resolved": "https://registry.npmjs.org/@swup/preload-plugin/-/preload-plugin-1.0.3.tgz",
      "integrity": "sha512-Au2v5kwwrY2WFYEmRoHa8FXMq7S/7KgO+iG2n5IOS7CZfVilIpqTIEQQ8y7TZsQuL6+Pk/57aycYywVLZ8tc3w==",
      "requires": {
        "@swup/plugin": "^1.0.0",
        "delegate": "^3.2.0",
        "swup": "^2.0.0"
      }
    },
    "delegate": {
      "version": "3.2.0",
      "resolved": "https://registry.npmjs.org/delegate/-/delegate-3.2.0.tgz",
      "integrity": "sha512-IofjkYBZaZivn0V8nnsMJGBr4jVLxHDheKSW88PyxS5QC4Vo9ZbZVvhzlSxY87fVq3STR6r+4cGepyHkcWOQSw=="
    },
    "delegate-it": {
      "version": "3.0.1",
      "resolved": "https://registry.npmjs.org/delegate-it/-/delegate-it-3.0.1.tgz",
      "integrity": "sha512-XU8H4pjDGBW74hFIbjdLPnvtU3HF3P9bbZvoFBSBLb5JgNaTkRb/2lvC1V+9kmZsxVR0kad4bU3rYhQ/4Ij+Gw==",
      "requires": {
        "typed-query-selector": "^2.6.1"
      }
    },
    "opencollective-postinstall": {
      "version": "2.0.3",
      "resolved": "https://registry.npmjs.org/opencollective-postinstall/-/opencollective-postinstall-2.0.3.tgz",
      "integrity": "sha512-8AV/sCtuzUeTo8gQK5qDZzARrulB3egtLzFgteqB2tcT4Mw7B8Kt7JcDHmltjz6FOAHsvTevk70gZEbhM4ZS9Q=="
    },
    "swup": {
      "version": "2.0.16",
      "resolved": "https://registry.npmjs.org/swup/-/swup-2.0.16.tgz",
      "integrity": "sha512-ozh3DuDDa6l7ctZcQ36DNROPo5CyTHMj7ob31kUkCrCGX8SimdqB0uK7PZnlEl4x3lmY12+eIdHji11q8SA6Aw==",
      "requires": {
        "delegate-it": "^3.0.1",
        "opencollective-postinstall": "^2.0.2"
      }
    },
    "typed-query-selector": {
      "version": "2.6.1",
      "resolved": "https://registry.npmjs.org/typed-query-selector/-/typed-query-selector-2.6.1.tgz",
      "integrity": "sha512-nzzcDrI0nncM5XTNyqeG7MrcXTx8lelUtNlTP+NvpnOfRzApyr+ZW4H/FoOaPfzmjn++Tf0ZxXpBN7Q3FN3ERw=="
    }
  }
}
